
Microsoft Visual Studio Solution File, Format Version 12.00
# Visual Studio Version 17
VisualStudioVersion = 17.6.33829.357
MinimumVisualStudioVersion = 10.0.40219.1
Project("{FAE04EC0-301F-11D3-BF4B-00C04F79EFBC}") = "CapaDatos", "CapaDatos\CapaDatos.csproj", "{96D26216-4F86-49A6-8E24-809581889E97}"
EndProject
Project("{FAE04EC0-301F-11D3-BF4B-00C04F79EFBC}") = "CapaVista", "CapaVista\CapaVista.csproj", "{68DE7627-E3C4-48BC-9E08-446B1986F356}"
EndProject
Project("{FAE04EC0-301F-11D3-BF4B-00C04F79EFBC}") = "CapaEntidades", "CapaEntidades\CapaEntidades.csproj", "{5FBE3D68-1B39-49CA-88B1-E0ED6E5A663F}"
EndProject
Global
	GlobalSection(SolutionConfigurationPlatforms) = preSolution
		Debug|Any CPU = Debug|Any CPU
		Release|Any CPU = Release|Any CPU
	EndGlobalSection
	GlobalSection(ProjectConfigurationPlatforms) = postSolution
		{96D26216-4F86-49A6-8E24-809581889E97}.Debug|Any CPU.ActiveCfg = Debug|Any CPU
		{96D26216-4F86-49A6-8E24-809581889E97}.Debug|Any CPU.Build.0 = Debug|Any CPU
		{96D26216-4F86-49A6-8E24-809581889E97}.Release|Any CPU.ActiveCfg = Release|Any CPU
		{96D26216-4F86-49A6-8E24-809581889E97}.Release|Any CPU.Build.0 = Release|Any CPU
		{68DE7627-E3C4-48BC-9E08-446B1986F356}.Debug|Any CPU.ActiveCfg = Debug|Any CPU
		{68DE7627-E3C4-48BC-9E08-446B1986F356}.Debug|Any CPU.Build.0 = Debug|Any CPU
		{68DE7627-E3C4-48BC-9E08-446B1986F356}.Release|Any CPU.ActiveCfg = Release|Any CPU
		{68DE7627-E3C4-48BC-9E08-446B1986F356}.Release|Any CPU.Build.0 = Release|Any CPU
		{5FBE3D68-1B39-49CA-88B1-E0ED6E5A663F}.Debug|Any CPU.ActiveCfg = Debug|Any CPU
		{5FBE3D68-1B39-49CA-88B1-E0ED6E5A663F}.Debug|Any CPU.Build.0 = Debug|Any CPU
		{5FBE3D68-1B39-49CA-88B1-E0ED6E5A663F}.Release|Any CPU.ActiveCfg = Release|Any CPU
		{5FBE3D68-1B39-49CA-88B1-E0ED6E5A663F}.Release|Any CPU.Build.0 = Release|Any CPU
	EndGlobalSection
	GlobalSection(SolutionProperties) = preSolution
		HideSolutionNode = FALSE
	EndGlobalSection
	GlobalSection(ExtensibilityGlobals) = postSolution
		SolutionGuid = {A607F71D-2A60-4B08-ADF5-BE479F664B94}
	EndGlobalSection
EndGlobal
